
Microsoft Visual Studio Solution File, Format Version 12.00
# Visual Studio Version 17
VisualStudioVersion = 17.1.31911.260
MinimumVisualStudioVersion = 10.0.40219.1
Project("{FAE04EC0-301F-11D3-BF4B-00C04F79EFBC}") = "imageList", "imageList\imageList.csproj", "{044BCE1D-913D-4849-826B-A8639B0D4E38}"
EndProject
Global
	GlobalSection(SolutionConfigurationPlatforms) = preSolution
		Debug|Any CPU = Debug|Any CPU
		Release|Any CPU = Release|Any CPU
	EndGlobalSection
	GlobalSection(ProjectConfigurationPlatforms) = postSolution
		{044BCE1D-913D-4849-826B-A8639B0D4E38}.Debug|Any CPU.ActiveCfg = Debug|Any CPU
		{044BCE1D-913D-4849-826B-A8639B0D4E38}.Debug|Any CPU.Build.0 = Debug|Any CPU
		{044BCE1D-913D-4849-826B-A8639B0D4E38}.Release|Any CPU.ActiveCfg = Release|Any CPU
		{044BCE1D-913D-4849-826B-A8639B0D4E38}.Release|Any CPU.Build.0 = Release|Any CPU
	EndGlobalSection
	GlobalSection(SolutionProperties) = preSolution
		HideSolutionNode = FALSE
	EndGlobalSection
	GlobalSection(ExtensibilityGlobals) = postSolution
		SolutionGuid = {A4068FC7-CD87-48D6-965D-D10C9C31EA92}
	EndGlobalSection
EndGlobal
